{
  "name": "simple_add_and_subtract_functions",
  "version": "2.0.0",
  "lockfileVersion": 3,
  "requires": true,
  "packages": {
    "": {
      "name": "simple_add_and_subtract_functions",
      "version": "2.0.0",
      "license": "ISC",
      "dependencies": {
        "simple_add_and_subtract_functions": "^2.0.0"
      }
    },
    "node_modules/simple_add_and_subtract_functions": {
      "version": "2.0.0",
      "resolved": "https://registry.npmjs.org/simple_add_and_subtract_functions/-/simple_add_and_subtract_functions-2.0.0.tgz",
      "integrity": "sha512-9qzdww7Ui20bAzdDHGIuPjqhK52Fs1LHyZxwLnidVb/FpW2eZSg+fCYHJ45eHK3nqYabF49ZwMYw/MZcbyRUIg=="
    }
  }
}
